{
  "version": 2,
  "dependencies": {
    "net10.0": {
      "wechatvoice.core": {
        "type": "Project"
      },
      "wechatvoice.keyacquisition": {
        "type": "Project",
        "dependencies": {
          "WeChatVoice.Core": "[1.0.0, )",
          "WeChatVoice.Windows": "[1.0.0, )"
        }
      },
      "wechatvoice.windows": {
        "type": "Project",
        "dependencies": {
          "WeChatVoice.Core": "[1.0.0, )"
        }
      }
    }
  }
}