{
  "version": 2,
  "dependencies": {
    "net10.0": {
      "System.CommandLine": {
        "type": "Direct",
        "requested": "[2.0.10, )",
        "resolved": "2.0.10",
        "contentHash": "6i1D6/U3i1f/PiXTt9pDvbJwdXEe0F2DZPup6BHzeIu5yPk/lkFzgtrJnPbj54JWUh8Y9vJeKG/TZIT6MkF8TA=="
      },
      "SQLitePCLRaw.core": {
        "type": "Transitive",
        "resolved": "3.0.3",
        "contentHash": "bjm6FY4lZyP+t7GmiuvSM0QXpFihAvyE0Y9O2yibm3g95AAWJPNnHOKVNJGyPTGIKuK7Pr4Wh8Rd8/aOtAclQw=="
      },
      "wechatvoice.application": {
        "type": "Project",
        "dependencies": {
          "WeChatVoice.Core": "[1.0.0, )"
        }
      },
      "wechatvoice.core": {
        "type": "Project"
      },
      "wechatvoice.infrastructure": {
        "type": "Project",
        "dependencies": {
          "Microsoft.Data.Sqlite.Core": "[10.0.10, )",
          "SQLitePCLRaw.provider.winsqlite3": "[3.0.3, )",
          "WeChatVoice.Core": "[1.0.0, )"
        }
      },
      "wechatvoice.keyacquisition": {
        "type": "Project",
        "dependencies": {
          "WeChatVoice.Core": "[1.0.0, )",
          "WeChatVoice.Windows": "[1.0.0, )"
        }
      },
      "wechatvoice.keybroker": {
        "type": "Project",
        "dependencies": {
          "WeChatVoice.Core": "[1.0.0, )",
          "WeChatVoice.Infrastructure": "[1.0.0, )",
          "WeChatVoice.KeyAcquisition": "[1.0.0, )",
          "WeChatVoice.SqlCipherWorker": "[1.0.0, )",
          "WeChatVoice.Windows": "[1.0.0, )"
        }
      },
      "wechatvoice.sqlcipherworker": {
        "type": "Project",
        "dependencies": {
          "Microsoft.Data.Sqlite.Core": "[10.0.10, )",
          "SQLitePCLRaw.lib.e_sqlcipher": "[2.1.11, )",
          "SQLitePCLRaw.provider.e_sqlcipher": "[2.1.11, )"
        }
      },
      "wechatvoice.windows": {
        "type": "Project",
        "dependencies": {
          "WeChatVoice.Core": "[1.0.0, )"
        }
      },
      "Microsoft.Data.Sqlite.Core": {
        "type": "CentralTransitive",
        "requested": "[10.0.10, )",
        "resolved": "10.0.10",
        "contentHash": "TPCs0ldm7AWqcKmp6f/Xr+14sat7hx4rHfRlS4RgCURBH2thEWbAKEyX7cCWr63zVJVOJIJZTg2cBiUXa8ys6g==",
        "dependencies": {
          "SQLitePCLRaw.core": "2.1.11"
        }
      },
      "SQLitePCLRaw.lib.e_sqlcipher": {
        "type": "CentralTransitive",
        "requested": "[2.1.11, )",
        "resolved": "2.1.11",
        "contentHash": "Cg6UPeDbH8jyaOs1vqXYIgeewH0wYrBnmbC5Ml3GYBo+GKzNmyxrWSO52JV68bfB7Addt/PZLMekJV1RH2ftWQ=="
      },
      "SQLitePCLRaw.provider.e_sqlcipher": {
        "type": "CentralTransitive",
        "requested": "[2.1.11, )",
        "resolved": "2.1.11",
        "contentHash": "5L7YXWtPzKYHeXBHmj63QsHbLQmy0SYvhQp3xWA2yzSq1SvlnGFViveLfUDr/GEmePrqzXQ9tOJG9iQnFspfBA==",
        "dependencies": {
          "SQLitePCLRaw.core": "2.1.11"
        }
      },
      "SQLitePCLRaw.provider.winsqlite3": {
        "type": "CentralTransitive",
        "requested": "[3.0.3, )",
        "resolved": "3.0.3",
        "contentHash": "6KT59Pnf48MXX60HeQygfFkkIkJ4X49Ls+Dl4RF7SzzTBxdT1chzg/c15wtJD2Ny8+q0bMr/Rq2ZbalghP+29g==",
        "dependencies": {
          "SQLitePCLRaw.core": "3.0.3"
        }
      }
    }
  }
}